
Microsoft Visual Studio Solution File, Format Version 12.00
# Visual Studio Version 17
VisualStudioVersion = 17.4.33213.308
MinimumVisualStudioVersion = 10.0.40219.1
Project("{FAE04EC0-301F-11D3-BF4B-00C04F79EFBC}") = "[Cs]Chapter08 인터페이스", "[Cs]Chapter08 인터페이스\[Cs]Chapter08 인터페이스.csproj", "{C17EEBF5-EF79-4855-B9F1-A27406547CDD}"
EndProject
Global
	GlobalSection(SolutionConfigurationPlatforms) = preSolution
		Debug|Any CPU = Debug|Any CPU
		Release|Any CPU = Release|Any CPU
	EndGlobalSection
	GlobalSection(ProjectConfigurationPlatforms) = postSolution
		{C17EEBF5-EF79-4855-B9F1-A27406547CDD}.Debug|Any CPU.ActiveCfg = Debug|Any CPU
		{C17EEBF5-EF79-4855-B9F1-A27406547CDD}.Debug|Any CPU.Build.0 = Debug|Any CPU
		{C17EEBF5-EF79-4855-B9F1-A27406547CDD}.Release|Any CPU.ActiveCfg = Release|Any CPU
		{C17EEBF5-EF79-4855-B9F1-A27406547CDD}.Release|Any CPU.Build.0 = Release|Any CPU
	EndGlobalSection
	GlobalSection(SolutionProperties) = preSolution
		HideSolutionNode = FALSE
	EndGlobalSection
	GlobalSection(ExtensibilityGlobals) = postSolution
		SolutionGuid = {23EEE825-6974-4418-8F0E-0F6892D59D08}
	EndGlobalSection
EndGlobal
