
Microsoft Visual Studio Solution File, Format Version 12.00
# Visual Studio Version 17
VisualStudioVersion = 17.4.33213.308
MinimumVisualStudioVersion = 10.0.40219.1
Project("{FAE04EC0-301F-11D3-BF4B-00C04F79EFBC}") = "[Cs]Chapter05 코드의 흐름 제어하기", "[Cs]Chapter05 코드의 흐름 제어하기\[Cs]Chapter05 코드의 흐름 제어하기.csproj", "{CC22318B-1223-41F1-8D0A-E4D9F8D99940}"
EndProject
Global
	GlobalSection(SolutionConfigurationPlatforms) = preSolution
		Debug|Any CPU = Debug|Any CPU
		Release|Any CPU = Release|Any CPU
	EndGlobalSection
	GlobalSection(ProjectConfigurationPlatforms) = postSolution
		{CC22318B-1223-41F1-8D0A-E4D9F8D99940}.Debug|Any CPU.ActiveCfg = Debug|Any CPU
		{CC22318B-1223-41F1-8D0A-E4D9F8D99940}.Debug|Any CPU.Build.0 = Debug|Any CPU
		{CC22318B-1223-41F1-8D0A-E4D9F8D99940}.Release|Any CPU.ActiveCfg = Release|Any CPU
		{CC22318B-1223-41F1-8D0A-E4D9F8D99940}.Release|Any CPU.Build.0 = Release|Any CPU
	EndGlobalSection
	GlobalSection(SolutionProperties) = preSolution
		HideSolutionNode = FALSE
	EndGlobalSection
	GlobalSection(ExtensibilityGlobals) = postSolution
		SolutionGuid = {F1C4BC87-6A28-4337-9638-A455448B3047}
	EndGlobalSection
EndGlobal
