
Microsoft Visual Studio Solution File, Format Version 12.00
# Visual Studio Version 17
VisualStudioVersion = 17.4.33213.308
MinimumVisualStudioVersion = 10.0.40219.1
Project("{FAE04EC0-301F-11D3-BF4B-00C04F79EFBC}") = "[Cs]Chapter07 클래스", "[Cs]Chapter07 클래스\[Cs]Chapter07 클래스.csproj", "{F940D12E-A614-4005-8BF4-FC3E4F70D47E}"
EndProject
Global
	GlobalSection(SolutionConfigurationPlatforms) = preSolution
		Debug|Any CPU = Debug|Any CPU
		Release|Any CPU = Release|Any CPU
	EndGlobalSection
	GlobalSection(ProjectConfigurationPlatforms) = postSolution
		{F940D12E-A614-4005-8BF4-FC3E4F70D47E}.Debug|Any CPU.ActiveCfg = Debug|Any CPU
		{F940D12E-A614-4005-8BF4-FC3E4F70D47E}.Debug|Any CPU.Build.0 = Debug|Any CPU
		{F940D12E-A614-4005-8BF4-FC3E4F70D47E}.Release|Any CPU.ActiveCfg = Release|Any CPU
		{F940D12E-A614-4005-8BF4-FC3E4F70D47E}.Release|Any CPU.Build.0 = Release|Any CPU
	EndGlobalSection
	GlobalSection(SolutionProperties) = preSolution
		HideSolutionNode = FALSE
	EndGlobalSection
	GlobalSection(ExtensibilityGlobals) = postSolution
		SolutionGuid = {C12A1EEE-73D7-4F96-8696-C6480D98FA2A}
	EndGlobalSection
EndGlobal
