
Microsoft Visual Studio Solution File, Format Version 12.00
# Visual Studio 15
VisualStudioVersion = 15.0.28307.1231
MinimumVisualStudioVersion = 10.0.40219.1
Project("{8BC9CEB8-8B4A-11D0-8D11-00A0C91BC942}") = "[C++]Chapter11 연산자 오버로딩2", "[C++]Chapter11 연산자 오버로딩2\[C++]Chapter11 연산자 오버로딩2.vcxproj", "{B5CFFDFC-7B22-4184-84D4-5A137D2687EC}"
EndProject
Global
	GlobalSection(SolutionConfigurationPlatforms) = preSolution
		Debug|x64 = Debug|x64
		Debug|x86 = Debug|x86
		Release|x64 = Release|x64
		Release|x86 = Release|x86
	EndGlobalSection
	GlobalSection(ProjectConfigurationPlatforms) = postSolution
		{B5CFFDFC-7B22-4184-84D4-5A137D2687EC}.Debug|x64.ActiveCfg = Debug|x64
		{B5CFFDFC-7B22-4184-84D4-5A137D2687EC}.Debug|x64.Build.0 = Debug|x64
		{B5CFFDFC-7B22-4184-84D4-5A137D2687EC}.Debug|x86.ActiveCfg = Debug|Win32
		{B5CFFDFC-7B22-4184-84D4-5A137D2687EC}.Debug|x86.Build.0 = Debug|Win32
		{B5CFFDFC-7B22-4184-84D4-5A137D2687EC}.Release|x64.ActiveCfg = Release|x64
		{B5CFFDFC-7B22-4184-84D4-5A137D2687EC}.Release|x64.Build.0 = Release|x64
		{B5CFFDFC-7B22-4184-84D4-5A137D2687EC}.Release|x86.ActiveCfg = Release|Win32
		{B5CFFDFC-7B22-4184-84D4-5A137D2687EC}.Release|x86.Build.0 = Release|Win32
	EndGlobalSection
	GlobalSection(SolutionProperties) = preSolution
		HideSolutionNode = FALSE
	EndGlobalSection
	GlobalSection(ExtensibilityGlobals) = postSolution
		SolutionGuid = {8A85DF3E-BDDD-484E-9F89-89812B8998B5}
	EndGlobalSection
EndGlobal
