
Microsoft Visual Studio Solution File, Format Version 12.00
# Visual Studio Version 17
VisualStudioVersion = 17.4.33213.308
MinimumVisualStudioVersion = 10.0.40219.1
Project("{FAE04EC0-301F-11D3-BF4B-00C04F79EFBC}") = "[Cs]Chapter08 인터페이스와 추상 클래스", "[Cs]Chapter08 인터페이스와 추상 클래스\[Cs]Chapter08 인터페이스와 추상 클래스.csproj", "{8B76C9BF-5D0E-48D7-85B0-7F1797C018D1}"
EndProject
Global
	GlobalSection(SolutionConfigurationPlatforms) = preSolution
		Debug|Any CPU = Debug|Any CPU
		Release|Any CPU = Release|Any CPU
	EndGlobalSection
	GlobalSection(ProjectConfigurationPlatforms) = postSolution
		{8B76C9BF-5D0E-48D7-85B0-7F1797C018D1}.Debug|Any CPU.ActiveCfg = Debug|Any CPU
		{8B76C9BF-5D0E-48D7-85B0-7F1797C018D1}.Debug|Any CPU.Build.0 = Debug|Any CPU
		{8B76C9BF-5D0E-48D7-85B0-7F1797C018D1}.Release|Any CPU.ActiveCfg = Release|Any CPU
		{8B76C9BF-5D0E-48D7-85B0-7F1797C018D1}.Release|Any CPU.Build.0 = Release|Any CPU
	EndGlobalSection
	GlobalSection(SolutionProperties) = preSolution
		HideSolutionNode = FALSE
	EndGlobalSection
	GlobalSection(ExtensibilityGlobals) = postSolution
		SolutionGuid = {33717CCD-A583-4B20-84DB-053C08197D8C}
	EndGlobalSection
EndGlobal
