
Microsoft Visual Studio Solution File, Format Version 12.00
# Visual Studio Version 17
VisualStudioVersion = 17.3.32929.385
MinimumVisualStudioVersion = 10.0.40219.1
Project("{8BC9CEB8-8B4A-11D0-8D11-00A0C91BC942}") = "[C++]boj_2293(22.12.09)", "[C++]boj_2293(22.12.09)\[C++]boj_2293(22.12.09).vcxproj", "{FA75A226-DE02-4206-B43E-EE2D4A7E85E9}"
EndProject
Global
	GlobalSection(SolutionConfigurationPlatforms) = preSolution
		Debug|x64 = Debug|x64
		Debug|x86 = Debug|x86
		Release|x64 = Release|x64
		Release|x86 = Release|x86
	EndGlobalSection
	GlobalSection(ProjectConfigurationPlatforms) = postSolution
		{FA75A226-DE02-4206-B43E-EE2D4A7E85E9}.Debug|x64.ActiveCfg = Debug|x64
		{FA75A226-DE02-4206-B43E-EE2D4A7E85E9}.Debug|x64.Build.0 = Debug|x64
		{FA75A226-DE02-4206-B43E-EE2D4A7E85E9}.Debug|x86.ActiveCfg = Debug|Win32
		{FA75A226-DE02-4206-B43E-EE2D4A7E85E9}.Debug|x86.Build.0 = Debug|Win32
		{FA75A226-DE02-4206-B43E-EE2D4A7E85E9}.Release|x64.ActiveCfg = Release|x64
		{FA75A226-DE02-4206-B43E-EE2D4A7E85E9}.Release|x64.Build.0 = Release|x64
		{FA75A226-DE02-4206-B43E-EE2D4A7E85E9}.Release|x86.ActiveCfg = Release|Win32
		{FA75A226-DE02-4206-B43E-EE2D4A7E85E9}.Release|x86.Build.0 = Release|Win32
	EndGlobalSection
	GlobalSection(SolutionProperties) = preSolution
		HideSolutionNode = FALSE
	EndGlobalSection
	GlobalSection(ExtensibilityGlobals) = postSolution
		SolutionGuid = {37209807-C879-4896-8F59-30253444E6F6}
	EndGlobalSection
EndGlobal
