
Microsoft Visual Studio Solution File, Format Version 12.00
# Visual Studio 15
VisualStudioVersion = 15.0.28307.1231
MinimumVisualStudioVersion = 10.0.40219.1
Project("{8BC9CEB8-8B4A-11D0-8D11-00A0C91BC942}") = "[C++]Chapter09 가상의 원리와 다중상속", "[C++]Chapter09 가상의 원리와 다중상속\[C++]Chapter09 가상의 원리와 다중상속.vcxproj", "{5E486FE6-52EB-451B-ADB9-83C62CCD4526}"
EndProject
Global
	GlobalSection(SolutionConfigurationPlatforms) = preSolution
		Debug|x64 = Debug|x64
		Debug|x86 = Debug|x86
		Release|x64 = Release|x64
		Release|x86 = Release|x86
	EndGlobalSection
	GlobalSection(ProjectConfigurationPlatforms) = postSolution
		{5E486FE6-52EB-451B-ADB9-83C62CCD4526}.Debug|x64.ActiveCfg = Debug|x64
		{5E486FE6-52EB-451B-ADB9-83C62CCD4526}.Debug|x64.Build.0 = Debug|x64
		{5E486FE6-52EB-451B-ADB9-83C62CCD4526}.Debug|x86.ActiveCfg = Debug|Win32
		{5E486FE6-52EB-451B-ADB9-83C62CCD4526}.Debug|x86.Build.0 = Debug|Win32
		{5E486FE6-52EB-451B-ADB9-83C62CCD4526}.Release|x64.ActiveCfg = Release|x64
		{5E486FE6-52EB-451B-ADB9-83C62CCD4526}.Release|x64.Build.0 = Release|x64
		{5E486FE6-52EB-451B-ADB9-83C62CCD4526}.Release|x86.ActiveCfg = Release|Win32
		{5E486FE6-52EB-451B-ADB9-83C62CCD4526}.Release|x86.Build.0 = Release|Win32
	EndGlobalSection
	GlobalSection(SolutionProperties) = preSolution
		HideSolutionNode = FALSE
	EndGlobalSection
	GlobalSection(ExtensibilityGlobals) = postSolution
		SolutionGuid = {94CA04F7-A656-4DD7-A084-B790E65738D9}
	EndGlobalSection
EndGlobal
